
Microsoft Visual Studio Solution File, Format Version 12.00
# Visual Studio Version 17
VisualStudioVersion = 17.8.34408.163
MinimumVisualStudioVersion = 10.0.40219.1
Project("{FAE04EC0-301F-11D3-BF4B-00C04F79EFBC}") = "EOrder", "EOrder.csproj", "{129248B4-0D15-4AB7-8017-7BB305BE20E7}"
EndProject
Global
	GlobalSection(SolutionConfigurationPlatforms) = preSolution
		Debug|Any CPU = Debug|Any CPU
		Release|Any CPU = Release|Any CPU
	EndGlobalSection
	GlobalSection(ProjectConfigurationPlatforms) = postSolution
		{129248B4-0D15-4AB7-8017-7BB305BE20E7}.Debug|Any CPU.ActiveCfg = Debug|Any CPU
		{129248B4-0D15-4AB7-8017-7BB305BE20E7}.Debug|Any CPU.Build.0 = Debug|Any CPU
		{129248B4-0D15-4AB7-8017-7BB305BE20E7}.Release|Any CPU.ActiveCfg = Release|Any CPU
		{129248B4-0D15-4AB7-8017-7BB305BE20E7}.Release|Any CPU.Build.0 = Release|Any CPU
	EndGlobalSection
	GlobalSection(SolutionProperties) = preSolution
		HideSolutionNode = FALSE
	EndGlobalSection
	GlobalSection(ExtensibilityGlobals) = postSolution
		SolutionGuid = {1E7212D8-C122-4EAA-83BF-0604EC78817F}
	EndGlobalSection
EndGlobal
