
Microsoft Visual Studio Solution File, Format Version 12.00
# Visual Studio Version 17
VisualStudioVersion = 17.9.34607.119
MinimumVisualStudioVersion = 10.0.40219.1
Project("{FAE04EC0-301F-11D3-BF4B-00C04F79EFBC}") = "WindowsFormsApp4_lab5_data_DataGridView", "WindowsFormsApp4_lab5_data_DataGridView.csproj", "{0C59335E-85AE-41B1-AE12-CDB485D3B00E}"
EndProject
Global
	GlobalSection(SolutionConfigurationPlatforms) = preSolution
		Debug|Any CPU = Debug|Any CPU
		Release|Any CPU = Release|Any CPU
	EndGlobalSection
	GlobalSection(ProjectConfigurationPlatforms) = postSolution
		{0C59335E-85AE-41B1-AE12-CDB485D3B00E}.Debug|Any CPU.ActiveCfg = Debug|Any CPU
		{0C59335E-85AE-41B1-AE12-CDB485D3B00E}.Debug|Any CPU.Build.0 = Debug|Any CPU
		{0C59335E-85AE-41B1-AE12-CDB485D3B00E}.Release|Any CPU.ActiveCfg = Release|Any CPU
		{0C59335E-85AE-41B1-AE12-CDB485D3B00E}.Release|Any CPU.Build.0 = Release|Any CPU
	EndGlobalSection
	GlobalSection(SolutionProperties) = preSolution
		HideSolutionNode = FALSE
	EndGlobalSection
	GlobalSection(ExtensibilityGlobals) = postSolution
		SolutionGuid = {5EBF9999-A345-44BE-816C-BC39E638BEF1}
	EndGlobalSection
EndGlobal
