
Microsoft Visual Studio Solution File, Format Version 12.00
# Visual Studio Version 17
VisualStudioVersion = 17.10.34607.79
MinimumVisualStudioVersion = 10.0.40219.1
Project("{FAE04EC0-301F-11D3-BF4B-00C04F79EFBC}") = "WindowsFormsApp3", "WindowsFormsApp3.csproj", "{8EDFB44D-A365-4A91-9B42-D311981FBFAD}"
EndProject
Global
	GlobalSection(SolutionConfigurationPlatforms) = preSolution
		Debug|Any CPU = Debug|Any CPU
		Release|Any CPU = Release|Any CPU
	EndGlobalSection
	GlobalSection(ProjectConfigurationPlatforms) = postSolution
		{8EDFB44D-A365-4A91-9B42-D311981FBFAD}.Debug|Any CPU.ActiveCfg = Debug|Any CPU
		{8EDFB44D-A365-4A91-9B42-D311981FBFAD}.Debug|Any CPU.Build.0 = Debug|Any CPU
		{8EDFB44D-A365-4A91-9B42-D311981FBFAD}.Release|Any CPU.ActiveCfg = Release|Any CPU
		{8EDFB44D-A365-4A91-9B42-D311981FBFAD}.Release|Any CPU.Build.0 = Release|Any CPU
	EndGlobalSection
	GlobalSection(SolutionProperties) = preSolution
		HideSolutionNode = FALSE
	EndGlobalSection
	GlobalSection(ExtensibilityGlobals) = postSolution
		SolutionGuid = {73B97FA0-07FE-4D70-B1FA-306216FD44AF}
	EndGlobalSection
EndGlobal
