
Microsoft Visual Studio Solution File, Format Version 12.00
# Visual Studio Version 17
VisualStudioVersion = 17.8.34511.84
MinimumVisualStudioVersion = 10.0.40219.1
Project("{FAE04EC0-301F-11D3-BF4B-00C04F79EFBC}") = "WindowsFormsApp4", "WindowsFormsApp4.csproj", "{49B6D145-5C0E-49E6-B749-38888992A26D}"
EndProject
Global
	GlobalSection(SolutionConfigurationPlatforms) = preSolution
		Debug|Any CPU = Debug|Any CPU
		Release|Any CPU = Release|Any CPU
	EndGlobalSection
	GlobalSection(ProjectConfigurationPlatforms) = postSolution
		{49B6D145-5C0E-49E6-B749-38888992A26D}.Debug|Any CPU.ActiveCfg = Debug|Any CPU
		{49B6D145-5C0E-49E6-B749-38888992A26D}.Debug|Any CPU.Build.0 = Debug|Any CPU
		{49B6D145-5C0E-49E6-B749-38888992A26D}.Release|Any CPU.ActiveCfg = Release|Any CPU
		{49B6D145-5C0E-49E6-B749-38888992A26D}.Release|Any CPU.Build.0 = Release|Any CPU
	EndGlobalSection
	GlobalSection(SolutionProperties) = preSolution
		HideSolutionNode = FALSE
	EndGlobalSection
	GlobalSection(ExtensibilityGlobals) = postSolution
		SolutionGuid = {50AD1AC5-778B-4B67-8C3D-E7E2D968D45D}
	EndGlobalSection
EndGlobal
