
Microsoft Visual Studio Solution File, Format Version 12.00
# Visual Studio Version 17
VisualStudioVersion = 17.8.34511.84
MinimumVisualStudioVersion = 10.0.40219.1
Project("{FAE04EC0-301F-11D3-BF4B-00C04F79EFBC}") = "WindowAppOne", "WindowAppOne.csproj", "{3C8CF1AE-EC27-4996-9BC9-2EF8C423DBBD}"
EndProject
Global
	GlobalSection(SolutionConfigurationPlatforms) = preSolution
		Debug|Any CPU = Debug|Any CPU
		Release|Any CPU = Release|Any CPU
	EndGlobalSection
	GlobalSection(ProjectConfigurationPlatforms) = postSolution
		{3C8CF1AE-EC27-4996-9BC9-2EF8C423DBBD}.Debug|Any CPU.ActiveCfg = Debug|Any CPU
		{3C8CF1AE-EC27-4996-9BC9-2EF8C423DBBD}.Debug|Any CPU.Build.0 = Debug|Any CPU
		{3C8CF1AE-EC27-4996-9BC9-2EF8C423DBBD}.Release|Any CPU.ActiveCfg = Release|Any CPU
		{3C8CF1AE-EC27-4996-9BC9-2EF8C423DBBD}.Release|Any CPU.Build.0 = Release|Any CPU
	EndGlobalSection
	GlobalSection(SolutionProperties) = preSolution
		HideSolutionNode = FALSE
	EndGlobalSection
	GlobalSection(ExtensibilityGlobals) = postSolution
		SolutionGuid = {2C58B0A1-6AFF-4B4F-9D8F-56C4FD743472}
	EndGlobalSection
EndGlobal
