
Microsoft Visual Studio Solution File, Format Version 12.00
# Visual Studio Version 17
VisualStudioVersion = 17.8.34408.163
MinimumVisualStudioVersion = 10.0.40219.1
Project("{FAE04EC0-301F-11D3-BF4B-00C04F79EFBC}") = "WindowsForms2", "WindowsForms2.csproj", "{FA0A435A-754A-4E6C-A308-0FC0E7298745}"
EndProject
Global
	GlobalSection(SolutionConfigurationPlatforms) = preSolution
		Debug|Any CPU = Debug|Any CPU
		Release|Any CPU = Release|Any CPU
	EndGlobalSection
	GlobalSection(ProjectConfigurationPlatforms) = postSolution
		{FA0A435A-754A-4E6C-A308-0FC0E7298745}.Debug|Any CPU.ActiveCfg = Debug|Any CPU
		{FA0A435A-754A-4E6C-A308-0FC0E7298745}.Debug|Any CPU.Build.0 = Debug|Any CPU
		{FA0A435A-754A-4E6C-A308-0FC0E7298745}.Release|Any CPU.ActiveCfg = Release|Any CPU
		{FA0A435A-754A-4E6C-A308-0FC0E7298745}.Release|Any CPU.Build.0 = Release|Any CPU
	EndGlobalSection
	GlobalSection(SolutionProperties) = preSolution
		HideSolutionNode = FALSE
	EndGlobalSection
	GlobalSection(ExtensibilityGlobals) = postSolution
		SolutionGuid = {4BCE8383-A316-43EA-9A76-A380F8B72236}
	EndGlobalSection
EndGlobal
