
Microsoft Visual Studio Solution File, Format Version 12.00
# Visual Studio Version 17
VisualStudioVersion = 17.9.34616.47
MinimumVisualStudioVersion = 10.0.40219.1
Project("{FAE04EC0-301F-11D3-BF4B-00C04F79EFBC}") = "WindowAppOne", "WindowAppOne.csproj", "{320B4C8B-5DBF-4246-87ED-3A1EC63D4CBE}"
EndProject
Global
	GlobalSection(SolutionConfigurationPlatforms) = preSolution
		Debug|Any CPU = Debug|Any CPU
		Release|Any CPU = Release|Any CPU
	EndGlobalSection
	GlobalSection(ProjectConfigurationPlatforms) = postSolution
		{320B4C8B-5DBF-4246-87ED-3A1EC63D4CBE}.Debug|Any CPU.ActiveCfg = Debug|Any CPU
		{320B4C8B-5DBF-4246-87ED-3A1EC63D4CBE}.Debug|Any CPU.Build.0 = Debug|Any CPU
		{320B4C8B-5DBF-4246-87ED-3A1EC63D4CBE}.Release|Any CPU.ActiveCfg = Release|Any CPU
		{320B4C8B-5DBF-4246-87ED-3A1EC63D4CBE}.Release|Any CPU.Build.0 = Release|Any CPU
	EndGlobalSection
	GlobalSection(SolutionProperties) = preSolution
		HideSolutionNode = FALSE
	EndGlobalSection
	GlobalSection(ExtensibilityGlobals) = postSolution
		SolutionGuid = {EF5EFE6B-F071-43BA-80FC-82849F04EEF4}
	EndGlobalSection
EndGlobal
