
Microsoft Visual Studio Solution File, Format Version 12.00
# Visual Studio Version 17
VisualStudioVersion = 17.9.34622.214
MinimumVisualStudioVersion = 10.0.40219.1
Project("{FAE04EC0-301F-11D3-BF4B-00C04F79EFBC}") = "WindowsFormsApp3", "WindowsFormsApp3.csproj", "{3D30489B-3270-4900-BEF9-236B31FD4AC4}"
EndProject
Global
	GlobalSection(SolutionConfigurationPlatforms) = preSolution
		Debug|Any CPU = Debug|Any CPU
		Release|Any CPU = Release|Any CPU
	EndGlobalSection
	GlobalSection(ProjectConfigurationPlatforms) = postSolution
		{3D30489B-3270-4900-BEF9-236B31FD4AC4}.Debug|Any CPU.ActiveCfg = Debug|Any CPU
		{3D30489B-3270-4900-BEF9-236B31FD4AC4}.Debug|Any CPU.Build.0 = Debug|Any CPU
		{3D30489B-3270-4900-BEF9-236B31FD4AC4}.Release|Any CPU.ActiveCfg = Release|Any CPU
		{3D30489B-3270-4900-BEF9-236B31FD4AC4}.Release|Any CPU.Build.0 = Release|Any CPU
	EndGlobalSection
	GlobalSection(SolutionProperties) = preSolution
		HideSolutionNode = FALSE
	EndGlobalSection
	GlobalSection(ExtensibilityGlobals) = postSolution
		SolutionGuid = {53CA776D-16E7-4C7A-943B-C9F1770DC4BB}
	EndGlobalSection
EndGlobal
