
Microsoft Visual Studio Solution File, Format Version 12.00
# Visual Studio Version 17
VisualStudioVersion = 17.8.34511.84
MinimumVisualStudioVersion = 10.0.40219.1
Project("{FAE04EC0-301F-11D3-BF4B-00C04F79EFBC}") = "Lab5", "Lab5.csproj", "{1FDE8341-AE21-49A0-8BF0-D649189DB5C5}"
EndProject
Global
	GlobalSection(SolutionConfigurationPlatforms) = preSolution
		Debug|Any CPU = Debug|Any CPU
		Release|Any CPU = Release|Any CPU
	EndGlobalSection
	GlobalSection(ProjectConfigurationPlatforms) = postSolution
		{1FDE8341-AE21-49A0-8BF0-D649189DB5C5}.Debug|Any CPU.ActiveCfg = Debug|Any CPU
		{1FDE8341-AE21-49A0-8BF0-D649189DB5C5}.Debug|Any CPU.Build.0 = Debug|Any CPU
		{1FDE8341-AE21-49A0-8BF0-D649189DB5C5}.Release|Any CPU.ActiveCfg = Release|Any CPU
		{1FDE8341-AE21-49A0-8BF0-D649189DB5C5}.Release|Any CPU.Build.0 = Release|Any CPU
	EndGlobalSection
	GlobalSection(SolutionProperties) = preSolution
		HideSolutionNode = FALSE
	EndGlobalSection
	GlobalSection(ExtensibilityGlobals) = postSolution
		SolutionGuid = {60CA2BE2-8057-485A-A1C8-2F46972C574F}
	EndGlobalSection
EndGlobal
