
Microsoft Visual Studio Solution File, Format Version 12.00
# Visual Studio Version 17
VisualStudioVersion = 17.8.34601.278
MinimumVisualStudioVersion = 10.0.40219.1
Project("{FAE04EC0-301F-11D3-BF4B-00C04F79EFBC}") = "QUocDung", "QUocDung.csproj", "{CCC50DBF-14AE-4A02-8C7F-3BDA5E7B8EB1}"
EndProject
Global
	GlobalSection(SolutionConfigurationPlatforms) = preSolution
		Debug|Any CPU = Debug|Any CPU
		Release|Any CPU = Release|Any CPU
	EndGlobalSection
	GlobalSection(ProjectConfigurationPlatforms) = postSolution
		{CCC50DBF-14AE-4A02-8C7F-3BDA5E7B8EB1}.Debug|Any CPU.ActiveCfg = Debug|Any CPU
		{CCC50DBF-14AE-4A02-8C7F-3BDA5E7B8EB1}.Debug|Any CPU.Build.0 = Debug|Any CPU
		{CCC50DBF-14AE-4A02-8C7F-3BDA5E7B8EB1}.Release|Any CPU.ActiveCfg = Release|Any CPU
		{CCC50DBF-14AE-4A02-8C7F-3BDA5E7B8EB1}.Release|Any CPU.Build.0 = Release|Any CPU
	EndGlobalSection
	GlobalSection(SolutionProperties) = preSolution
		HideSolutionNode = FALSE
	EndGlobalSection
	GlobalSection(ExtensibilityGlobals) = postSolution
		SolutionGuid = {98D8F95C-DD56-4CFB-BE76-2A520F9699BF}
	EndGlobalSection
EndGlobal
