
Microsoft Visual Studio Solution File, Format Version 12.00
# Visual Studio Version 17
VisualStudioVersion = 17.8.34511.84
MinimumVisualStudioVersion = 10.0.40219.1
Project("{FAE04EC0-301F-11D3-BF4B-00C04F79EFBC}") = "ConsoleAppOne", "ConsoleAppOne.csproj", "{4C2FE0E9-1CBD-4DC0-8DF3-F2ACCFE8CFC4}"
EndProject
Global
	GlobalSection(SolutionConfigurationPlatforms) = preSolution
		Debug|Any CPU = Debug|Any CPU
		Release|Any CPU = Release|Any CPU
	EndGlobalSection
	GlobalSection(ProjectConfigurationPlatforms) = postSolution
		{4C2FE0E9-1CBD-4DC0-8DF3-F2ACCFE8CFC4}.Debug|Any CPU.ActiveCfg = Debug|Any CPU
		{4C2FE0E9-1CBD-4DC0-8DF3-F2ACCFE8CFC4}.Debug|Any CPU.Build.0 = Debug|Any CPU
		{4C2FE0E9-1CBD-4DC0-8DF3-F2ACCFE8CFC4}.Release|Any CPU.ActiveCfg = Release|Any CPU
		{4C2FE0E9-1CBD-4DC0-8DF3-F2ACCFE8CFC4}.Release|Any CPU.Build.0 = Release|Any CPU
	EndGlobalSection
	GlobalSection(SolutionProperties) = preSolution
		HideSolutionNode = FALSE
	EndGlobalSection
	GlobalSection(ExtensibilityGlobals) = postSolution
		SolutionGuid = {42D24088-D313-49D0-8852-905C5411E8EA}
	EndGlobalSection
EndGlobal
