
Microsoft Visual Studio Solution File, Format Version 12.00
# Visual Studio Version 17
VisualStudioVersion = 17.8.34511.84
MinimumVisualStudioVersion = 10.0.40219.1
Project("{FAE04EC0-301F-11D3-BF4B-00C04F79EFBC}") = "ConsoleAppOne", "ConsoleAppOne.csproj", "{78C33FE0-39A7-4479-9389-08B9C6959FB3}"
EndProject
Global
	GlobalSection(SolutionConfigurationPlatforms) = preSolution
		Debug|Any CPU = Debug|Any CPU
		Release|Any CPU = Release|Any CPU
	EndGlobalSection
	GlobalSection(ProjectConfigurationPlatforms) = postSolution
		{78C33FE0-39A7-4479-9389-08B9C6959FB3}.Debug|Any CPU.ActiveCfg = Debug|Any CPU
		{78C33FE0-39A7-4479-9389-08B9C6959FB3}.Debug|Any CPU.Build.0 = Debug|Any CPU
		{78C33FE0-39A7-4479-9389-08B9C6959FB3}.Release|Any CPU.ActiveCfg = Release|Any CPU
		{78C33FE0-39A7-4479-9389-08B9C6959FB3}.Release|Any CPU.Build.0 = Release|Any CPU
	EndGlobalSection
	GlobalSection(SolutionProperties) = preSolution
		HideSolutionNode = FALSE
	EndGlobalSection
	GlobalSection(ExtensibilityGlobals) = postSolution
		SolutionGuid = {7E1EFBA8-DAC4-4A9A-AB0A-245F20C43236}
	EndGlobalSection
EndGlobal
