
Microsoft Visual Studio Solution File, Format Version 12.00
# Visual Studio Version 17
VisualStudioVersion = 17.8.34511.84
MinimumVisualStudioVersion = 10.0.40219.1
Project("{FAE04EC0-301F-11D3-BF4B-00C04F79EFBC}") = "EOder", "EOder.csproj", "{AF1FCAE1-2BAE-4D68-8CF0-97D424C3AF94}"
EndProject
Global
	GlobalSection(SolutionConfigurationPlatforms) = preSolution
		Debug|Any CPU = Debug|Any CPU
		Release|Any CPU = Release|Any CPU
	EndGlobalSection
	GlobalSection(ProjectConfigurationPlatforms) = postSolution
		{AF1FCAE1-2BAE-4D68-8CF0-97D424C3AF94}.Debug|Any CPU.ActiveCfg = Debug|Any CPU
		{AF1FCAE1-2BAE-4D68-8CF0-97D424C3AF94}.Debug|Any CPU.Build.0 = Debug|Any CPU
		{AF1FCAE1-2BAE-4D68-8CF0-97D424C3AF94}.Release|Any CPU.ActiveCfg = Release|Any CPU
		{AF1FCAE1-2BAE-4D68-8CF0-97D424C3AF94}.Release|Any CPU.Build.0 = Release|Any CPU
	EndGlobalSection
	GlobalSection(SolutionProperties) = preSolution
		HideSolutionNode = FALSE
	EndGlobalSection
	GlobalSection(ExtensibilityGlobals) = postSolution
		SolutionGuid = {73F09AD2-2637-4DAC-82E3-32E45FDECB2A}
	EndGlobalSection
EndGlobal
