
Microsoft Visual Studio Solution File, Format Version 12.00
# Visual Studio Version 17
VisualStudioVersion = 17.9.34607.119
MinimumVisualStudioVersion = 10.0.40219.1
Project("{FAE04EC0-301F-11D3-BF4B-00C04F79EFBC}") = "WindowsFormsApp3_USCLN_BSCNN", "WindowsFormsApp3_USCLN_BSCNN.csproj", "{86350A5D-9505-48C8-8BBF-D193281F63BF}"
EndProject
Global
	GlobalSection(SolutionConfigurationPlatforms) = preSolution
		Debug|Any CPU = Debug|Any CPU
		Release|Any CPU = Release|Any CPU
	EndGlobalSection
	GlobalSection(ProjectConfigurationPlatforms) = postSolution
		{86350A5D-9505-48C8-8BBF-D193281F63BF}.Debug|Any CPU.ActiveCfg = Debug|Any CPU
		{86350A5D-9505-48C8-8BBF-D193281F63BF}.Debug|Any CPU.Build.0 = Debug|Any CPU
		{86350A5D-9505-48C8-8BBF-D193281F63BF}.Release|Any CPU.ActiveCfg = Release|Any CPU
		{86350A5D-9505-48C8-8BBF-D193281F63BF}.Release|Any CPU.Build.0 = Release|Any CPU
	EndGlobalSection
	GlobalSection(SolutionProperties) = preSolution
		HideSolutionNode = FALSE
	EndGlobalSection
	GlobalSection(ExtensibilityGlobals) = postSolution
		SolutionGuid = {8B604322-7E46-4A64-AD3F-D5AF24556A1E}
	EndGlobalSection
EndGlobal
