
Microsoft Visual Studio Solution File, Format Version 12.00
# Visual Studio Version 17
VisualStudioVersion = 17.9.34622.214
MinimumVisualStudioVersion = 10.0.40219.1
Project("{FAE04EC0-301F-11D3-BF4B-00C04F79EFBC}") = "WindowsFormsThree", "WindowsFormsThree.csproj", "{096B4802-9174-4480-894D-CC9DF479A834}"
EndProject
Global
	GlobalSection(SolutionConfigurationPlatforms) = preSolution
		Debug|Any CPU = Debug|Any CPU
		Release|Any CPU = Release|Any CPU
	EndGlobalSection
	GlobalSection(ProjectConfigurationPlatforms) = postSolution
		{096B4802-9174-4480-894D-CC9DF479A834}.Debug|Any CPU.ActiveCfg = Debug|Any CPU
		{096B4802-9174-4480-894D-CC9DF479A834}.Debug|Any CPU.Build.0 = Debug|Any CPU
		{096B4802-9174-4480-894D-CC9DF479A834}.Release|Any CPU.ActiveCfg = Release|Any CPU
		{096B4802-9174-4480-894D-CC9DF479A834}.Release|Any CPU.Build.0 = Release|Any CPU
	EndGlobalSection
	GlobalSection(SolutionProperties) = preSolution
		HideSolutionNode = FALSE
	EndGlobalSection
	GlobalSection(ExtensibilityGlobals) = postSolution
		SolutionGuid = {6A13676A-D281-4BF4-B799-B79C2B55F3CB}
	EndGlobalSection
EndGlobal
