
Microsoft Visual Studio Solution File, Format Version 12.00
# Visual Studio Version 17
VisualStudioVersion = 17.10.34607.79
MinimumVisualStudioVersion = 10.0.40219.1
Project("{FAE04EC0-301F-11D3-BF4B-00C04F79EFBC}") = "WindowsFormsApp1", "WindowsFormsApp1.csproj", "{0D07BE72-D1B9-432C-B905-E04BCB6670E1}"
EndProject
Global
	GlobalSection(SolutionConfigurationPlatforms) = preSolution
		Debug|Any CPU = Debug|Any CPU
		Release|Any CPU = Release|Any CPU
	EndGlobalSection
	GlobalSection(ProjectConfigurationPlatforms) = postSolution
		{0D07BE72-D1B9-432C-B905-E04BCB6670E1}.Debug|Any CPU.ActiveCfg = Debug|Any CPU
		{0D07BE72-D1B9-432C-B905-E04BCB6670E1}.Debug|Any CPU.Build.0 = Debug|Any CPU
		{0D07BE72-D1B9-432C-B905-E04BCB6670E1}.Release|Any CPU.ActiveCfg = Release|Any CPU
		{0D07BE72-D1B9-432C-B905-E04BCB6670E1}.Release|Any CPU.Build.0 = Release|Any CPU
	EndGlobalSection
	GlobalSection(SolutionProperties) = preSolution
		HideSolutionNode = FALSE
	EndGlobalSection
	GlobalSection(ExtensibilityGlobals) = postSolution
		SolutionGuid = {ACED7B1E-AC40-42DA-A7C1-D0CC2EB8E697}
	EndGlobalSection
EndGlobal
