
Microsoft Visual Studio Solution File, Format Version 12.00
# Visual Studio Version 17
VisualStudioVersion = 17.8.34511.84
MinimumVisualStudioVersion = 10.0.40219.1
Project("{FAE04EC0-301F-11D3-BF4B-00C04F79EFBC}") = "WindowsAppTwo", "WindowsAppTwo.csproj", "{49B185D5-DA20-4DF1-A322-BF92441B8B5C}"
EndProject
Global
	GlobalSection(SolutionConfigurationPlatforms) = preSolution
		Debug|Any CPU = Debug|Any CPU
		Release|Any CPU = Release|Any CPU
	EndGlobalSection
	GlobalSection(ProjectConfigurationPlatforms) = postSolution
		{49B185D5-DA20-4DF1-A322-BF92441B8B5C}.Debug|Any CPU.ActiveCfg = Debug|Any CPU
		{49B185D5-DA20-4DF1-A322-BF92441B8B5C}.Debug|Any CPU.Build.0 = Debug|Any CPU
		{49B185D5-DA20-4DF1-A322-BF92441B8B5C}.Release|Any CPU.ActiveCfg = Release|Any CPU
		{49B185D5-DA20-4DF1-A322-BF92441B8B5C}.Release|Any CPU.Build.0 = Release|Any CPU
	EndGlobalSection
	GlobalSection(SolutionProperties) = preSolution
		HideSolutionNode = FALSE
	EndGlobalSection
	GlobalSection(ExtensibilityGlobals) = postSolution
		SolutionGuid = {79D9C4C4-6E26-454E-BA13-29923902C74F}
	EndGlobalSection
EndGlobal
