
Microsoft Visual Studio Solution File, Format Version 12.00
# Visual Studio Version 17
VisualStudioVersion = 17.9.34414.90
MinimumVisualStudioVersion = 10.0.40219.1
Project("{FAE04EC0-301F-11D3-BF4B-00C04F79EFBC}") = "WindowsAppOne1", "WindowsAppOne1\WindowsAppOne1.csproj", "{BCB277CE-853F-4934-8D72-BA613877B703}"
EndProject
Project("{FAE04EC0-301F-11D3-BF4B-00C04F79EFBC}") = "WindowsAppTwo", "..\WindowsAppTwo\WindowsAppTwo.csproj", "{47B72FAC-E350-49D7-9539-BA5C7D40BA0C}"
EndProject
Global
	GlobalSection(SolutionConfigurationPlatforms) = preSolution
		Debug|Any CPU = Debug|Any CPU
		Release|Any CPU = Release|Any CPU
	EndGlobalSection
	GlobalSection(ProjectConfigurationPlatforms) = postSolution
		{BCB277CE-853F-4934-8D72-BA613877B703}.Debug|Any CPU.ActiveCfg = Debug|Any CPU
		{BCB277CE-853F-4934-8D72-BA613877B703}.Debug|Any CPU.Build.0 = Debug|Any CPU
		{BCB277CE-853F-4934-8D72-BA613877B703}.Release|Any CPU.ActiveCfg = Release|Any CPU
		{BCB277CE-853F-4934-8D72-BA613877B703}.Release|Any CPU.Build.0 = Release|Any CPU
		{47B72FAC-E350-49D7-9539-BA5C7D40BA0C}.Debug|Any CPU.ActiveCfg = Debug|Any CPU
		{47B72FAC-E350-49D7-9539-BA5C7D40BA0C}.Debug|Any CPU.Build.0 = Debug|Any CPU
		{47B72FAC-E350-49D7-9539-BA5C7D40BA0C}.Release|Any CPU.ActiveCfg = Release|Any CPU
		{47B72FAC-E350-49D7-9539-BA5C7D40BA0C}.Release|Any CPU.Build.0 = Release|Any CPU
	EndGlobalSection
	GlobalSection(SolutionProperties) = preSolution
		HideSolutionNode = FALSE
	EndGlobalSection
	GlobalSection(ExtensibilityGlobals) = postSolution
		SolutionGuid = {6C1F3C2A-429A-447A-BDAF-1AA0D4D0E122}
	EndGlobalSection
EndGlobal
