
Microsoft Visual Studio Solution File, Format Version 12.00
# Visual Studio Version 17
VisualStudioVersion = 17.8.34511.84
MinimumVisualStudioVersion = 10.0.40219.1
Project("{FAE04EC0-301F-11D3-BF4B-00C04F79EFBC}") = "WindowAppThree", "WindowAppThree.csproj", "{B73914D5-27D2-4904-89BE-7DEB9BD729AA}"
EndProject
Global
	GlobalSection(SolutionConfigurationPlatforms) = preSolution
		Debug|Any CPU = Debug|Any CPU
		Release|Any CPU = Release|Any CPU
	EndGlobalSection
	GlobalSection(ProjectConfigurationPlatforms) = postSolution
		{B73914D5-27D2-4904-89BE-7DEB9BD729AA}.Debug|Any CPU.ActiveCfg = Debug|Any CPU
		{B73914D5-27D2-4904-89BE-7DEB9BD729AA}.Debug|Any CPU.Build.0 = Debug|Any CPU
		{B73914D5-27D2-4904-89BE-7DEB9BD729AA}.Release|Any CPU.ActiveCfg = Release|Any CPU
		{B73914D5-27D2-4904-89BE-7DEB9BD729AA}.Release|Any CPU.Build.0 = Release|Any CPU
	EndGlobalSection
	GlobalSection(SolutionProperties) = preSolution
		HideSolutionNode = FALSE
	EndGlobalSection
	GlobalSection(ExtensibilityGlobals) = postSolution
		SolutionGuid = {656CEC67-D19F-471C-B8CE-58477E531003}
	EndGlobalSection
EndGlobal
