
Microsoft Visual Studio Solution File, Format Version 12.00
# Visual Studio Version 17
VisualStudioVersion = 17.9.34622.214
MinimumVisualStudioVersion = 10.0.40219.1
Project("{FAE04EC0-301F-11D3-BF4B-00C04F79EFBC}") = "WindowsForm_Uocboi", "WindowsForm_Uocboi.csproj", "{CA60CBFC-8F82-4B87-803B-56974F7D6D78}"
EndProject
Global
	GlobalSection(SolutionConfigurationPlatforms) = preSolution
		Debug|Any CPU = Debug|Any CPU
		Release|Any CPU = Release|Any CPU
	EndGlobalSection
	GlobalSection(ProjectConfigurationPlatforms) = postSolution
		{CA60CBFC-8F82-4B87-803B-56974F7D6D78}.Debug|Any CPU.ActiveCfg = Debug|Any CPU
		{CA60CBFC-8F82-4B87-803B-56974F7D6D78}.Debug|Any CPU.Build.0 = Debug|Any CPU
		{CA60CBFC-8F82-4B87-803B-56974F7D6D78}.Release|Any CPU.ActiveCfg = Release|Any CPU
		{CA60CBFC-8F82-4B87-803B-56974F7D6D78}.Release|Any CPU.Build.0 = Release|Any CPU
	EndGlobalSection
	GlobalSection(SolutionProperties) = preSolution
		HideSolutionNode = FALSE
	EndGlobalSection
	GlobalSection(ExtensibilityGlobals) = postSolution
		SolutionGuid = {A4213D6B-8A9F-45C3-BEA6-75F49333439F}
	EndGlobalSection
EndGlobal
