
Microsoft Visual Studio Solution File, Format Version 12.00
# Visual Studio Version 17
VisualStudioVersion = 17.8.34511.84
MinimumVisualStudioVersion = 10.0.40219.1
Project("{FAE04EC0-301F-11D3-BF4B-00C04F79EFBC}") = "WindowsApp1", "WindowsApp1.csproj", "{4680BE61-9EB8-4CA0-9C67-7AC1A1E7AA9B}"
EndProject
Global
	GlobalSection(SolutionConfigurationPlatforms) = preSolution
		Debug|Any CPU = Debug|Any CPU
		Release|Any CPU = Release|Any CPU
	EndGlobalSection
	GlobalSection(ProjectConfigurationPlatforms) = postSolution
		{4680BE61-9EB8-4CA0-9C67-7AC1A1E7AA9B}.Debug|Any CPU.ActiveCfg = Debug|Any CPU
		{4680BE61-9EB8-4CA0-9C67-7AC1A1E7AA9B}.Debug|Any CPU.Build.0 = Debug|Any CPU
		{4680BE61-9EB8-4CA0-9C67-7AC1A1E7AA9B}.Release|Any CPU.ActiveCfg = Release|Any CPU
		{4680BE61-9EB8-4CA0-9C67-7AC1A1E7AA9B}.Release|Any CPU.Build.0 = Release|Any CPU
	EndGlobalSection
	GlobalSection(SolutionProperties) = preSolution
		HideSolutionNode = FALSE
	EndGlobalSection
	GlobalSection(ExtensibilityGlobals) = postSolution
		SolutionGuid = {19BF40AC-06E5-4FDA-98FD-D9430D494EFD}
	EndGlobalSection
EndGlobal
