
Microsoft Visual Studio Solution File, Format Version 12.00
# Visual Studio Version 17
VisualStudioVersion = 17.8.34511.84
MinimumVisualStudioVersion = 10.0.40219.1
Project("{FAE04EC0-301F-11D3-BF4B-00C04F79EFBC}") = "WindowsFormsApp1", "WindowsFormsApp1\WindowsFormsApp1.csproj", "{F381DEB4-0D97-4A19-8049-EC04374A47FE}"
EndProject
Global
	GlobalSection(SolutionConfigurationPlatforms) = preSolution
		Debug|Any CPU = Debug|Any CPU
		Release|Any CPU = Release|Any CPU
	EndGlobalSection
	GlobalSection(ProjectConfigurationPlatforms) = postSolution
		{F381DEB4-0D97-4A19-8049-EC04374A47FE}.Debug|Any CPU.ActiveCfg = Debug|Any CPU
		{F381DEB4-0D97-4A19-8049-EC04374A47FE}.Debug|Any CPU.Build.0 = Debug|Any CPU
		{F381DEB4-0D97-4A19-8049-EC04374A47FE}.Release|Any CPU.ActiveCfg = Release|Any CPU
		{F381DEB4-0D97-4A19-8049-EC04374A47FE}.Release|Any CPU.Build.0 = Release|Any CPU
	EndGlobalSection
	GlobalSection(SolutionProperties) = preSolution
		HideSolutionNode = FALSE
	EndGlobalSection
	GlobalSection(ExtensibilityGlobals) = postSolution
		SolutionGuid = {FAEDB1A8-DEED-4E71-93D8-D1F54622FCA1}
	EndGlobalSection
EndGlobal
